<?xml version="1.0" encoding="utf-8"?>
<Project ToolsVersion="4.0" xmlns="http://schemas.microsoft.com/developer/msbuild/2003">
  <ItemGroup>
    <Filter Include="Source Files">
      <UniqueIdentifier>{4FC737F1-C7A5-4376-A066-2A32D752A2FF}</UniqueIdentifier>
      <Extensions>cpp;c;cc;cxx;c++;def;odl;idl;hpj;bat;asm;asmx</Extensions>
    </Filter>
    <Filter Include="Header Files">
      <UniqueIdentifier>{93995380-89BD-4b04-88EB-625FBE52EBFB}</UniqueIdentifier>
      <Extensions>h;hh;hpp;hxx;h++;hm;inl;inc;ipp;xsd</Extensions>
    </Filter>
    <Filter Include="Resource Files">
      <UniqueIdentifier>{67DA6AB6-F800-4c08-8B7A-83BB121AAD01}</UniqueIdentifier>
      <Extensions>rc;ico;cur;bmp;dlg;rc2;rct;bin;rgs;gif;jpg;jpeg;jpe;resx;tiff;tif;png;wav;mfcribbon-ms</Extensions>
    </Filter>
  </ItemGroup>
  <ItemGroup>
    <ClCompile Include="mgs\mdp\mdp.cpp">
      <Filter>Source Files</Filter>
    </ClCompile>
    <ClCompile Include="noesis\plugin\noesisplugin.cpp">
      <Filter>Source Files</Filter>
    </ClCompile>
    <ClCompile Include="noesis\plugin\pluginsupport.cpp">
      <Filter>Source Files</Filter>
    </ClCompile>
    <ClCompile Include="mgs\txp\txp.cpp">
      <Filter>Source Files</Filter>
    </ClCompile>
    <ClCompile Include="include\half\toFloat.cpp">
      <Filter>Source Files</Filter>
    </ClCompile>
    <ClCompile Include="include\half\eLut.cpp">
      <Filter>Source Files</Filter>
    </ClCompile>
    <ClCompile Include="include\half\half.cpp">
      <Filter>Source Files</Filter>
    </ClCompile>
    <ClCompile Include="mgs_mdp.cpp">
      <Filter>Source Files</Filter>
    </ClCompile>
  </ItemGroup>
  <ItemGroup>
    <ClInclude Include="mgs\mdp\mdp.h">
      <Filter>Header Files</Filter>
    </ClInclude>
    <ClInclude Include="noesis\plugin\NoeSRShared.h">
      <Filter>Header Files</Filter>
    </ClInclude>
    <ClInclude Include="noesis\plugin\pluginbasetypes.h">
      <Filter>Header Files</Filter>
    </ClInclude>
    <ClInclude Include="noesis\plugin\pluginclasses.h">
      <Filter>Header Files</Filter>
    </ClInclude>
    <ClInclude Include="noesis\plugin\pluginshare.h">
      <Filter>Header Files</Filter>
    </ClInclude>
    <ClInclude Include="mgs\common\util.h">
      <Filter>Header Files</Filter>
    </ClInclude>
    <ClInclude Include="mgs\txp\txp.h">
      <Filter>Header Files</Filter>
    </ClInclude>
    <ClInclude Include="mgs\mdp\mdpe.h">
      <Filter>Header Files</Filter>
    </ClInclude>
    <ClInclude Include="mgs\mtar\mtcm.h">
      <Filter>Header Files</Filter>
    </ClInclude>
    <ClInclude Include="mgs\mtar\mtar.h">
      <Filter>Header Files</Filter>
    </ClInclude>
    <ClInclude Include="include\half\halfExport.h">
      <Filter>Header Files</Filter>
    </ClInclude>
    <ClInclude Include="include\half\halfFunction.h">
      <Filter>Header Files</Filter>
    </ClInclude>
    <ClInclude Include="include\half\halfLimits.h">
      <Filter>Header Files</Filter>
    </ClInclude>
    <ClInclude Include="include\half\toFloat.h">
      <Filter>Header Files</Filter>
    </ClInclude>
    <ClInclude Include="include\half\eLut.h">
      <Filter>Header Files</Filter>
    </ClInclude>
    <ClInclude Include="include\half\half.h">
      <Filter>Header Files</Filter>
    </ClInclude>
    <ClInclude Include="mesh.h">
      <Filter>Header Files</Filter>
    </ClInclude>
    <ClInclude Include="mat.h">
      <Filter>Header Files</Filter>
    </ClInclude>
    <ClInclude Include="face.h">
      <Filter>Header Files</Filter>
    </ClInclude>
    <ClInclude Include="bone.h">
      <Filter>Header Files</Filter>
    </ClInclude>
    <ClInclude Include="motion.h">
      <Filter>Header Files</Filter>
    </ClInclude>
    <ClInclude Include="mgs\mtar\mtex.h">
      <Filter>Header Files</Filter>
    </ClInclude>
  </ItemGroup>
  <ItemGroup>
    <None Include="noesisplugin.def">
      <Filter>Source Files</Filter>
    </None>
    <None Include="README.md" />
  </ItemGroup>
</Project>